// !$*UTF8*$!
{
	archiveVersion = 1;
	classes = {
	};
	objectVersion = 56;
	objects = {

/* Begin PBXBuildFile section */
		F108CF232AE41F4C00D31D93 /* APIModel.swift in Sources */ = {isa = PBXBuildFile; fileRef = F108CF222AE41F4C00D31D93 /* APIModel.swift */; };
		F108CF292AE4202E00D31D93 /* SecManager.swift in Sources */ = {isa = PBXBuildFile; fileRef = F108CF282AE4202E00D31D93 /* SecManager.swift */; };
		F108CF2F2AE4227300D31D93 /* LoginView.swift in Sources */ = {isa = PBXBuildFile; fileRef = F108CF2E2AE4227300D31D93 /* LoginView.swift */; };
		F108CF312AE4228100D31D93 /* RegisterView.swift in Sources */ = {isa = PBXBuildFile; fileRef = F108CF302AE4228100D31D93 /* RegisterView.swift */; };
		F128DE222AE0609200EA040C /* HOLISTICA1App.swift in Sources */ = {isa = PBXBuildFile; fileRef = F128DE212AE0609200EA040C /* HOLISTICA1App.swift */; };
		F128DE262AE0609300EA040C /* Assets.xcassets in Resources */ = {isa = PBXBuildFile; fileRef = F128DE252AE0609300EA040C /* Assets.xcassets */; };
		F128DE292AE0609300EA040C /* Preview Assets.xcassets in Resources */ = {isa = PBXBuildFile; fileRef = F128DE282AE0609300EA040C /* Preview Assets.xcassets */; };
		F128DE332AE0609400EA040C /* HOLISTICA1Tests.swift in Sources */ = {isa = PBXBuildFile; fileRef = F128DE322AE0609400EA040C /* HOLISTICA1Tests.swift */; };
		F128DE3D2AE0609400EA040C /* HOLISTICA1UITests.swift in Sources */ = {isa = PBXBuildFile; fileRef = F128DE3C2AE0609400EA040C /* HOLISTICA1UITests.swift */; };
		F128DE3F2AE0609400EA040C /* HOLISTICA1UITestsLaunchTests.swift in Sources */ = {isa = PBXBuildFile; fileRef = F128DE3E2AE0609400EA040C /* HOLISTICA1UITestsLaunchTests.swift */; };
		F128DE4C2AE060CB00EA040C /* Interface.swift in Sources */ = {isa = PBXBuildFile; fileRef = F128DE4B2AE060CB00EA040C /* Interface.swift */; };
		F128DE502AE0688A00EA040C /* BCSecure2023 in Frameworks */ = {isa = PBXBuildFile; productRef = F128DE4F2AE0688A00EA040C /* BCSecure2023 */; };
		F1290B472B2F857F00DD628B /* CoursesView.swift in Sources */ = {isa = PBXBuildFile; fileRef = F1290B462B2F857F00DD628B /* CoursesView.swift */; };
		F129990A2AF3A7F0009B35ED /* Extensions.swift in Sources */ = {isa = PBXBuildFile; fileRef = F12999092AF3A7F0009B35ED /* Extensions.swift */; };
		F129990E2AF3D1CF009B35ED /* LoginRegisterView.swift in Sources */ = {isa = PBXBuildFile; fileRef = F129990D2AF3D1CF009B35ED /* LoginRegisterView.swift */; };
		F12999142AF40DB4009B35ED /* Model.swift in Sources */ = {isa = PBXBuildFile; fileRef = F12999132AF40DB4009B35ED /* Model.swift */; };
		F12999162AF40E17009B35ED /* CoursesVM.swift in Sources */ = {isa = PBXBuildFile; fileRef = F12999152AF40E17009B35ED /* CoursesVM.swift */; };
		F12999182AF41025009B35ED /* TestData.swift in Sources */ = {isa = PBXBuildFile; fileRef = F12999172AF41025009B35ED /* TestData.swift */; };
		F129991F2AF43784009B35ED /* CourseCellHeader.swift in Sources */ = {isa = PBXBuildFile; fileRef = F129991E2AF43784009B35ED /* CourseCellHeader.swift */; };
		F12C67352AF828DE0034AD97 /* UserProfileVM.swift in Sources */ = {isa = PBXBuildFile; fileRef = F12C67342AF828DE0034AD97 /* UserProfileVM.swift */; };
		F12D1F312B1D1D21003E4DC1 /* MRNetwork in Frameworks */ = {isa = PBXBuildFile; productRef = F12D1F302B1D1D21003E4DC1 /* MRNetwork */; };
		F12D1F332B1D30E1003E4DC1 /* MyProgramsEmptyCell.swift in Sources */ = {isa = PBXBuildFile; fileRef = F12D1F322B1D30E1003E4DC1 /* MyProgramsEmptyCell.swift */; };
		F139E64B2B1247B200D56910 /* BoughtProgramsVM.swift in Sources */ = {isa = PBXBuildFile; fileRef = F139E64A2B1247B200D56910 /* BoughtProgramsVM.swift */; };
		F139E64F2B13827D00D56910 /* BoughtProgramCell.swift in Sources */ = {isa = PBXBuildFile; fileRef = F139E64E2B13827C00D56910 /* BoughtProgramCell.swift */; };
		F14BF4032B0A975200CDB52C /* SettingsView.swift in Sources */ = {isa = PBXBuildFile; fileRef = F14BF4022B0A975200CDB52C /* SettingsView.swift */; };
		F14BF4052B0ABD9300CDB52C /* CustomAlertLogout.swift in Sources */ = {isa = PBXBuildFile; fileRef = F14BF4042B0ABD9300CDB52C /* CustomAlertLogout.swift */; };
		F1725CE82B3772BB00E70827 /* SIWAView.swift in Sources */ = {isa = PBXBuildFile; fileRef = F1725CE72B3772BB00E70827 /* SIWAView.swift */; };
		F1B47B092B4B602E00E88D77 /* HomeVideo.swift in Sources */ = {isa = PBXBuildFile; fileRef = F1B47B082B4B602E00E88D77 /* HomeVideo.swift */; };
		F1B47B0C2B4B60AB00E88D77 /* CustomVideoPlayer.swift in Sources */ = {isa = PBXBuildFile; fileRef = F1B47B0B2B4B60AB00E88D77 /* CustomVideoPlayer.swift */; };
		F1B47B0F2B4B622600E88D77 /* ContentViewVideo.swift in Sources */ = {isa = PBXBuildFile; fileRef = F1B47B0E2B4B622600E88D77 /* ContentViewVideo.swift */; };
		F1B47B112B4C7A2200E88D77 /* DoubleTapSeek.swift in Sources */ = {isa = PBXBuildFile; fileRef = F1B47B102B4C7A2200E88D77 /* DoubleTapSeek.swift */; };
		F1B47B132B4CB84400E88D77 /* CMTime+Extensions.swift in Sources */ = {isa = PBXBuildFile; fileRef = F1B47B122B4CB84400E88D77 /* CMTime+Extensions.swift */; };
		F1BDFD802B3C987000F4B25C /* ClassCell.swift in Sources */ = {isa = PBXBuildFile; fileRef = F1BDFD7F2B3C987000F4B25C /* ClassCell.swift */; };
		F1C51E582B444A9200FFEFB6 /* AWSS3 in Frameworks */ = {isa = PBXBuildFile; productRef = F1C51E572B444A9200FFEFB6 /* AWSS3 */; };
		F1C51E5A2B444A9200FFEFB6 /* AWSS3Control in Frameworks */ = {isa = PBXBuildFile; productRef = F1C51E592B444A9200FFEFB6 /* AWSS3Control */; };
		F1C51E5C2B444A9200FFEFB6 /* AWSS3Outposts in Frameworks */ = {isa = PBXBuildFile; productRef = F1C51E5B2B444A9200FFEFB6 /* AWSS3Outposts */; };
		F1C83A932AEEC992000B5589 /* BiometryLogin.swift in Sources */ = {isa = PBXBuildFile; fileRef = F1C83A922AEEC992000B5589 /* BiometryLogin.swift */; };
		F1C83A952AEECA32000B5589 /* LoginVM.swift in Sources */ = {isa = PBXBuildFile; fileRef = F1C83A942AEECA32000B5589 /* LoginVM.swift */; };
		F1CDE0F42AF53203006BD246 /* CreateProfileView.swift in Sources */ = {isa = PBXBuildFile; fileRef = F1CDE0F32AF53203006BD246 /* CreateProfileView.swift */; };
		F1D55BFD2AFE4E0100B58405 /* WelcomeToHolisticaCell.swift in Sources */ = {isa = PBXBuildFile; fileRef = F1D55BFC2AFE4E0100B58405 /* WelcomeToHolisticaCell.swift */; };
		F1D55C042AFEA8E600B58405 /* ProgramsView.swift in Sources */ = {isa = PBXBuildFile; fileRef = F1D55C032AFEA8E600B58405 /* ProgramsView.swift */; };
		F1D55C082B00233000B58405 /* ProgramCell.swift in Sources */ = {isa = PBXBuildFile; fileRef = F1D55C072B00233000B58405 /* ProgramCell.swift */; };
		F1D55C0A2B00243400B58405 /* ProgramsVM.swift in Sources */ = {isa = PBXBuildFile; fileRef = F1D55C092B00243400B58405 /* ProgramsVM.swift */; };
		F1D55C0E2B013A5B00B58405 /* ContentView.swift in Sources */ = {isa = PBXBuildFile; fileRef = F1D55C0D2B013A5B00B58405 /* ContentView.swift */; };
		F1DDBB3B2AE5925C00ECFF7A /* Network.swift in Sources */ = {isa = PBXBuildFile; fileRef = F1DDBB3A2AE5925C00ECFF7A /* Network.swift */; };
		F1F1BE142B0939330089FA26 /* ClassesView.swift in Sources */ = {isa = PBXBuildFile; fileRef = F1F1BE132B0939330089FA26 /* ClassesView.swift */; };
		F1F1BE162B093B2B0089FA26 /* ClassesVM.swift in Sources */ = {isa = PBXBuildFile; fileRef = F1F1BE152B093B2B0089FA26 /* ClassesVM.swift */; };
		F1F1BE182B093E3D0089FA26 /* ProgramCellHeader.swift in Sources */ = {isa = PBXBuildFile; fileRef = F1F1BE172B093E3D0089FA26 /* ProgramCellHeader.swift */; };
		F1F1BE1E2B0996AC0089FA26 /* CourseCell.swift in Sources */ = {isa = PBXBuildFile; fileRef = F1F1BE1D2B0996AC0089FA26 /* CourseCell.swift */; };
/* End PBXBuildFile section */

/* Begin PBXContainerItemProxy section */
		F128DE2F2AE0609400EA040C /* PBXContainerItemProxy */ = {
			isa = PBXContainerItemProxy;
			containerPortal = F128DE162AE0609200EA040C /* Project object */;
			proxyType = 1;
			remoteGlobalIDString = F128DE1D2AE0609200EA040C;
			remoteInfo = HOLISTICA1;
		};
		F128DE392AE0609400EA040C /* PBXContainerItemProxy */ = {
			isa = PBXContainerItemProxy;
			containerPortal = F128DE162AE0609200EA040C /* Project object */;
			proxyType = 1;
			remoteGlobalIDString = F128DE1D2AE0609200EA040C;
			remoteInfo = HOLISTICA1;
		};
/* End PBXContainerItemProxy section */

/* Begin PBXFileReference section */
		F108CF222AE41F4C00D31D93 /* APIModel.swift */ = {isa = PBXFileReference; lastKnownFileType = sourcecode.swift; path = APIModel.swift; sourceTree = "<group>"; };
		F108CF282AE4202E00D31D93 /* SecManager.swift */ = {isa = PBXFileReference; lastKnownFileType = sourcecode.swift; path = SecManager.swift; sourceTree = "<group>"; };
		F108CF2E2AE4227300D31D93 /* LoginView.swift */ = {isa = PBXFileReference; lastKnownFileType = sourcecode.swift; path = LoginView.swift; sourceTree = "<group>"; };
		F108CF302AE4228100D31D93 /* RegisterView.swift */ = {isa = PBXFileReference; lastKnownFileType = sourcecode.swift; path = RegisterView.swift; sourceTree = "<group>"; };
		F128DE1E2AE0609200EA040C /* HOLISTICA1.app */ = {isa = PBXFileReference; explicitFileType = wrapper.application; includeInIndex = 0; path = HOLISTICA1.app; sourceTree = BUILT_PRODUCTS_DIR; };
		F128DE212AE0609200EA040C /* HOLISTICA1App.swift */ = {isa = PBXFileReference; lastKnownFileType = sourcecode.swift; path = HOLISTICA1App.swift; sourceTree = "<group>"; };
		F128DE252AE0609300EA040C /* Assets.xcassets */ = {isa = PBXFileReference; lastKnownFileType = folder.assetcatalog; path = Assets.xcassets; sourceTree = "<group>"; };
		F128DE282AE0609300EA040C /* Preview Assets.xcassets */ = {isa = PBXFileReference; lastKnownFileType = folder.assetcatalog; path = "Preview Assets.xcassets"; sourceTree = "<group>"; };
		F128DE2E2AE0609400EA040C /* HOLISTICA1Tests.xctest */ = {isa = PBXFileReference; explicitFileType = wrapper.cfbundle; includeInIndex = 0; path = HOLISTICA1Tests.xctest; sourceTree = BUILT_PRODUCTS_DIR; };
		F128DE322AE0609400EA040C /* HOLISTICA1Tests.swift */ = {isa = PBXFileReference; lastKnownFileType = sourcecode.swift; path = HOLISTICA1Tests.swift; sourceTree = "<group>"; };
		F128DE382AE0609400EA040C /* HOLISTICA1UITests.xctest */ = {isa = PBXFileReference; explicitFileType = wrapper.cfbundle; includeInIndex = 0; path = HOLISTICA1UITests.xctest; sourceTree = BUILT_PRODUCTS_DIR; };
		F128DE3C2AE0609400EA040C /* HOLISTICA1UITests.swift */ = {isa = PBXFileReference; lastKnownFileType = sourcecode.swift; path = HOLISTICA1UITests.swift; sourceTree = "<group>"; };
		F128DE3E2AE0609400EA040C /* HOLISTICA1UITestsLaunchTests.swift */ = {isa = PBXFileReference; lastKnownFileType = sourcecode.swift; path = HOLISTICA1UITestsLaunchTests.swift; sourceTree = "<group>"; };
		F128DE4B2AE060CB00EA040C /* Interface.swift */ = {isa = PBXFileReference; lastKnownFileType = sourcecode.swift; path = Interface.swift; sourceTree = "<group>"; };
		F128DE4D2AE0618A00EA040C /* Info.plist */ = {isa = PBXFileReference; lastKnownFileType = text.plist; path = Info.plist; sourceTree = "<group>"; };
		F1290B462B2F857F00DD628B /* CoursesView.swift */ = {isa = PBXFileReference; lastKnownFileType = sourcecode.swift; path = CoursesView.swift; sourceTree = "<group>"; };
		F12999092AF3A7F0009B35ED /* Extensions.swift */ = {isa = PBXFileReference; lastKnownFileType = sourcecode.swift; path = Extensions.swift; sourceTree = "<group>"; };
		F129990D2AF3D1CF009B35ED /* LoginRegisterView.swift */ = {isa = PBXFileReference; lastKnownFileType = sourcecode.swift; path = LoginRegisterView.swift; sourceTree = "<group>"; };
		F12999132AF40DB4009B35ED /* Model.swift */ = {isa = PBXFileReference; lastKnownFileType = sourcecode.swift; path = Model.swift; sourceTree = "<group>"; };
		F12999152AF40E17009B35ED /* CoursesVM.swift */ = {isa = PBXFileReference; lastKnownFileType = sourcecode.swift; path = CoursesVM.swift; sourceTree = "<group>"; };
		F12999172AF41025009B35ED /* TestData.swift */ = {isa = PBXFileReference; lastKnownFileType = sourcecode.swift; path = TestData.swift; sourceTree = "<group>"; };
		F129991E2AF43784009B35ED /* CourseCellHeader.swift */ = {isa = PBXFileReference; lastKnownFileType = sourcecode.swift; path = CourseCellHeader.swift; sourceTree = "<group>"; };
		F12C67342AF828DE0034AD97 /* UserProfileVM.swift */ = {isa = PBXFileReference; lastKnownFileType = sourcecode.swift; path = UserProfileVM.swift; sourceTree = "<group>"; };
		F12D1F322B1D30E1003E4DC1 /* MyProgramsEmptyCell.swift */ = {isa = PBXFileReference; lastKnownFileType = sourcecode.swift; path = MyProgramsEmptyCell.swift; sourceTree = "<group>"; };
		F139E64A2B1247B200D56910 /* BoughtProgramsVM.swift */ = {isa = PBXFileReference; lastKnownFileType = sourcecode.swift; path = BoughtProgramsVM.swift; sourceTree = "<group>"; };
		F139E64E2B13827C00D56910 /* BoughtProgramCell.swift */ = {isa = PBXFileReference; lastKnownFileType = sourcecode.swift; path = BoughtProgramCell.swift; sourceTree = "<group>"; };
		F14BF4022B0A975200CDB52C /* SettingsView.swift */ = {isa = PBXFileReference; lastKnownFileType = sourcecode.swift; path = SettingsView.swift; sourceTree = "<group>"; };
		F14BF4042B0ABD9300CDB52C /* CustomAlertLogout.swift */ = {isa = PBXFileReference; lastKnownFileType = sourcecode.swift; path = CustomAlertLogout.swift; sourceTree = "<group>"; };
		F1725CE72B3772BB00E70827 /* SIWAView.swift */ = {isa = PBXFileReference; lastKnownFileType = sourcecode.swift; path = SIWAView.swift; sourceTree = "<group>"; };
		F1B47B082B4B602E00E88D77 /* HomeVideo.swift */ = {isa = PBXFileReference; lastKnownFileType = sourcecode.swift; path = HomeVideo.swift; sourceTree = "<group>"; };
		F1B47B0B2B4B60AB00E88D77 /* CustomVideoPlayer.swift */ = {isa = PBXFileReference; lastKnownFileType = sourcecode.swift; path = CustomVideoPlayer.swift; sourceTree = "<group>"; };
		F1B47B0E2B4B622600E88D77 /* ContentViewVideo.swift */ = {isa = PBXFileReference; lastKnownFileType = sourcecode.swift; path = ContentViewVideo.swift; sourceTree = "<group>"; };
		F1B47B102B4C7A2200E88D77 /* DoubleTapSeek.swift */ = {isa = PBXFileReference; lastKnownFileType = sourcecode.swift; path = DoubleTapSeek.swift; sourceTree = "<group>"; };
		F1B47B122B4CB84400E88D77 /* CMTime+Extensions.swift */ = {isa = PBXFileReference; lastKnownFileType = sourcecode.swift; path = "CMTime+Extensions.swift"; sourceTree = "<group>"; };
		F1BDFD7F2B3C987000F4B25C /* ClassCell.swift */ = {isa = PBXFileReference; fileEncoding = 4; lastKnownFileType = sourcecode.swift; path = ClassCell.swift; sourceTree = "<group>"; };
		F1C23E472B37A81900EC42DF /* HOLISTICA1.entitlements */ = {isa = PBXFileReference; lastKnownFileType = text.plist.entitlements; path = HOLISTICA1.entitlements; sourceTree = "<group>"; };
		F1C83A922AEEC992000B5589 /* BiometryLogin.swift */ = {isa = PBXFileReference; lastKnownFileType = sourcecode.swift; path = BiometryLogin.swift; sourceTree = "<group>"; };
		F1C83A942AEECA32000B5589 /* LoginVM.swift */ = {isa = PBXFileReference; lastKnownFileType = sourcecode.swift; path = LoginVM.swift; sourceTree = "<group>"; };
		F1CDE0F32AF53203006BD246 /* CreateProfileView.swift */ = {isa = PBXFileReference; lastKnownFileType = sourcecode.swift; path = CreateProfileView.swift; sourceTree = "<group>"; };
		F1D55BFC2AFE4E0100B58405 /* WelcomeToHolisticaCell.swift */ = {isa = PBXFileReference; lastKnownFileType = sourcecode.swift; path = WelcomeToHolisticaCell.swift; sourceTree = "<group>"; };
		F1D55C032AFEA8E600B58405 /* ProgramsView.swift */ = {isa = PBXFileReference; lastKnownFileType = sourcecode.swift; path = ProgramsView.swift; sourceTree = "<group>"; };
		F1D55C072B00233000B58405 /* ProgramCell.swift */ = {isa = PBXFileReference; lastKnownFileType = sourcecode.swift; path = ProgramCell.swift; sourceTree = "<group>"; };
		F1D55C092B00243400B58405 /* ProgramsVM.swift */ = {isa = PBXFileReference; lastKnownFileType = sourcecode.swift; path = ProgramsVM.swift; sourceTree = "<group>"; };
		F1D55C0D2B013A5B00B58405 /* ContentView.swift */ = {isa = PBXFileReference; lastKnownFileType = sourcecode.swift; path = ContentView.swift; sourceTree = "<group>"; };
		F1DDBB3A2AE5925C00ECFF7A /* Network.swift */ = {isa = PBXFileReference; lastKnownFileType = sourcecode.swift; path = Network.swift; sourceTree = "<group>"; };
		F1F1BE132B0939330089FA26 /* ClassesView.swift */ = {isa = PBXFileReference; lastKnownFileType = sourcecode.swift; path = ClassesView.swift; sourceTree = "<group>"; };
		F1F1BE152B093B2B0089FA26 /* ClassesVM.swift */ = {isa = PBXFileReference; lastKnownFileType = sourcecode.swift; path = ClassesVM.swift; sourceTree = "<group>"; };
		F1F1BE172B093E3D0089FA26 /* ProgramCellHeader.swift */ = {isa = PBXFileReference; lastKnownFileType = sourcecode.swift; path = ProgramCellHeader.swift; sourceTree = "<group>"; };
		F1F1BE1D2B0996AC0089FA26 /* CourseCell.swift */ = {isa = PBXFileReference; fileEncoding = 4; lastKnownFileType = sourcecode.swift; path = CourseCell.swift; sourceTree = "<group>"; };
/* End PBXFileReference section */

/* Begin PBXFrameworksBuildPhase section */
		F128DE1B2AE0609200EA040C /* Frameworks */ = {
			isa = PBXFrameworksBuildPhase;
			buildActionMask = 2147483647;
			files = (
				F1C51E582B444A9200FFEFB6 /* AWSS3 in Frameworks */,
				F128DE502AE0688A00EA040C /* BCSecure2023 in Frameworks */,
				F1C51E5A2B444A9200FFEFB6 /* AWSS3Control in Frameworks */,
				F1C51E5C2B444A9200FFEFB6 /* AWSS3Outposts in Frameworks */,
				F12D1F312B1D1D21003E4DC1 /* MRNetwork in Frameworks */,
			);
			runOnlyForDeploymentPostprocessing = 0;
		};
		F128DE2B2AE0609400EA040C /* Frameworks */ = {
			isa = PBXFrameworksBuildPhase;
			buildActionMask = 2147483647;
			files = (
			);
			runOnlyForDeploymentPostprocessing = 0;
		};
		F128DE352AE0609400EA040C /* Frameworks */ = {
			isa = PBXFrameworksBuildPhase;
			buildActionMask = 2147483647;
			files = (
			);
			runOnlyForDeploymentPostprocessing = 0;
		};
/* End PBXFrameworksBuildPhase section */

/* Begin PBXGroup section */
		F108CF242AE41F8800D31D93 /* Model */ = {
			isa = PBXGroup;
			children = (
				F108CF222AE41F4C00D31D93 /* APIModel.swift */,
				F12999132AF40DB4009B35ED /* Model.swift */,
			);
			name = Model;
			sourceTree = "<group>";
		};
		F108CF252AE41F9300D31D93 /* Network */ = {
			isa = PBXGroup;
			children = (
				F128DE4B2AE060CB00EA040C /* Interface.swift */,
				F1DDBB3A2AE5925C00ECFF7A /* Network.swift */,
			);
			name = Network;
			sourceTree = "<group>";
		};
		F108CF262AE41F9F00D31D93 /* System */ = {
			isa = PBXGroup;
			children = (
				F128DE212AE0609200EA040C /* HOLISTICA1App.swift */,
				F128DE252AE0609300EA040C /* Assets.xcassets */,
				F128DE4D2AE0618A00EA040C /* Info.plist */,
			);
			name = System;
			sourceTree = "<group>";
		};
		F108CF272AE4202100D31D93 /* Security */ = {
			isa = PBXGroup;
			children = (
				F108CF282AE4202E00D31D93 /* SecManager.swift */,
			);
			name = Security;
			sourceTree = "<group>";
		};
		F128DE152AE0609200EA040C = {
			isa = PBXGroup;
			children = (
				F128DE202AE0609200EA040C /* HOLISTICA1 */,
				F128DE312AE0609400EA040C /* HOLISTICA1Tests */,
				F128DE3B2AE0609400EA040C /* HOLISTICA1UITests */,
				F128DE1F2AE0609200EA040C /* Products */,
			);
			sourceTree = "<group>";
		};
		F128DE1F2AE0609200EA040C /* Products */ = {
			isa = PBXGroup;
			children = (
				F128DE1E2AE0609200EA040C /* HOLISTICA1.app */,
				F128DE2E2AE0609400EA040C /* HOLISTICA1Tests.xctest */,
				F128DE382AE0609400EA040C /* HOLISTICA1UITests.xctest */,
			);
			name = Products;
			sourceTree = "<group>";
		};
		F128DE202AE0609200EA040C /* HOLISTICA1 */ = {
			isa = PBXGroup;
			children = (
				F1B47B0A2B4B605B00E88D77 /* Helpers */,
				F1C23E472B37A81900EC42DF /* HOLISTICA1.entitlements */,
				F129991A2AF4142B009B35ED /* ViewModels */,
				F12999192AF413FC009B35ED /* LoginViews */,
				F1D55C0D2B013A5B00B58405 /* ContentView.swift */,
				F1290B462B2F857F00DD628B /* CoursesView.swift */,
				F14BF4022B0A975200CDB52C /* SettingsView.swift */,
				F1D55C032AFEA8E600B58405 /* ProgramsView.swift */,
				F1F1BE132B0939330089FA26 /* ClassesView.swift */,
				F129991B2AF43580009B35ED /* Components */,
				F108CF272AE4202100D31D93 /* Security */,
				F108CF262AE41F9F00D31D93 /* System */,
				F12999082AF3A7D6009B35ED /* Extensions */,
				F108CF252AE41F9300D31D93 /* Network */,
				F108CF242AE41F8800D31D93 /* Model */,
				F128DE272AE0609300EA040C /* Preview Content */,
			);
			path = HOLISTICA1;
			sourceTree = "<group>";
		};
		F128DE272AE0609300EA040C /* Preview Content */ = {
			isa = PBXGroup;
			children = (
				F128DE282AE0609300EA040C /* Preview Assets.xcassets */,
				F12999172AF41025009B35ED /* TestData.swift */,
			);
			path = "Preview Content";
			sourceTree = "<group>";
		};
		F128DE312AE0609400EA040C /* HOLISTICA1Tests */ = {
			isa = PBXGroup;
			children = (
				F128DE322AE0609400EA040C /* HOLISTICA1Tests.swift */,
			);
			path = HOLISTICA1Tests;
			sourceTree = "<group>";
		};
		F128DE3B2AE0609400EA040C /* HOLISTICA1UITests */ = {
			isa = PBXGroup;
			children = (
				F128DE3C2AE0609400EA040C /* HOLISTICA1UITests.swift */,
				F128DE3E2AE0609400EA040C /* HOLISTICA1UITestsLaunchTests.swift */,
			);
			path = HOLISTICA1UITests;
			sourceTree = "<group>";
		};
		F12999082AF3A7D6009B35ED /* Extensions */ = {
			isa = PBXGroup;
			children = (
				F12999092AF3A7F0009B35ED /* Extensions.swift */,
			);
			name = Extensions;
			sourceTree = "<group>";
		};
		F12999192AF413FC009B35ED /* LoginViews */ = {
			isa = PBXGroup;
			children = (
				F108CF2E2AE4227300D31D93 /* LoginView.swift */,
				F1C83A922AEEC992000B5589 /* BiometryLogin.swift */,
				F108CF302AE4228100D31D93 /* RegisterView.swift */,
				F1725CE72B3772BB00E70827 /* SIWAView.swift */,
				F129990D2AF3D1CF009B35ED /* LoginRegisterView.swift */,
				F1CDE0F32AF53203006BD246 /* CreateProfileView.swift */,
			);
			name = LoginViews;
			sourceTree = "<group>";
		};
		F129991A2AF4142B009B35ED /* ViewModels */ = {
			isa = PBXGroup;
			children = (
				F12999152AF40E17009B35ED /* CoursesVM.swift */,
				F1C83A942AEECA32000B5589 /* LoginVM.swift */,
				F12C67342AF828DE0034AD97 /* UserProfileVM.swift */,
				F1D55C092B00243400B58405 /* ProgramsVM.swift */,
				F1F1BE152B093B2B0089FA26 /* ClassesVM.swift */,
				F139E64A2B1247B200D56910 /* BoughtProgramsVM.swift */,
			);
			name = ViewModels;
			sourceTree = "<group>";
		};
		F129991B2AF43580009B35ED /* Components */ = {
			isa = PBXGroup;
			children = (
				F1B47B0D2B4B61F100E88D77 /* CustomVideoPlayer */,
				F129991E2AF43784009B35ED /* CourseCellHeader.swift */,
				F1F1BE1D2B0996AC0089FA26 /* CourseCell.swift */,
				F1D55BFC2AFE4E0100B58405 /* WelcomeToHolisticaCell.swift */,
				F1D55C072B00233000B58405 /* ProgramCell.swift */,
				F1F1BE172B093E3D0089FA26 /* ProgramCellHeader.swift */,
				F1BDFD7F2B3C987000F4B25C /* ClassCell.swift */,
				F14BF4042B0ABD9300CDB52C /* CustomAlertLogout.swift */,
				F139E64E2B13827C00D56910 /* BoughtProgramCell.swift */,
				F12D1F322B1D30E1003E4DC1 /* MyProgramsEmptyCell.swift */,
			);
			name = Components;
			sourceTree = "<group>";
		};
		F1B47B0A2B4B605B00E88D77 /* Helpers */ = {
			isa = PBXGroup;
			children = (
				F1B47B122B4CB84400E88D77 /* CMTime+Extensions.swift */,
			);
			name = Helpers;
			sourceTree = "<group>";
		};
		F1B47B0D2B4B61F100E88D77 /* CustomVideoPlayer */ = {
			isa = PBXGroup;
			children = (
				F1B47B082B4B602E00E88D77 /* HomeVideo.swift */,
				F1B47B0B2B4B60AB00E88D77 /* CustomVideoPlayer.swift */,
				F1B47B0E2B4B622600E88D77 /* ContentViewVideo.swift */,
				F1B47B102B4C7A2200E88D77 /* DoubleTapSeek.swift */,
			);
			name = CustomVideoPlayer;
			sourceTree = "<group>";
		};
/* End PBXGroup section */

/* Begin PBXNativeTarget section */
		F128DE1D2AE0609200EA040C /* HOLISTICA1 */ = {
			isa = PBXNativeTarget;
			buildConfigurationList = F128DE422AE0609400EA040C /* Build configuration list for PBXNativeTarget "HOLISTICA1" */;
			buildPhases = (
				F128DE1A2AE0609200EA040C /* Sources */,
				F128DE1B2AE0609200EA040C /* Frameworks */,
				F128DE1C2AE0609200EA040C /* Resources */,
			);
			buildRules = (
			);
			dependencies = (
			);
			name = HOLISTICA1;
			packageProductDependencies = (
				F128DE4F2AE0688A00EA040C /* BCSecure2023 */,
				F12D1F302B1D1D21003E4DC1 /* MRNetwork */,
				F1C51E572B444A9200FFEFB6 /* AWSS3 */,
				F1C51E592B444A9200FFEFB6 /* AWSS3Control */,
				F1C51E5B2B444A9200FFEFB6 /* AWSS3Outposts */,
			);
			productName = HOLISTICA1;
			productReference = F128DE1E2AE0609200EA040C /* HOLISTICA1.app */;
			productType = "com.apple.product-type.application";
		};
		F128DE2D2AE0609400EA040C /* HOLISTICA1Tests */ = {
			isa = PBXNativeTarget;
			buildConfigurationList = F128DE452AE0609400EA040C /* Build configuration list for PBXNativeTarget "HOLISTICA1Tests" */;
			buildPhases = (
				F128DE2A2AE0609400EA040C /* Sources */,
				F128DE2B2AE0609400EA040C /* Frameworks */,
				F128DE2C2AE0609400EA040C /* Resources */,
			);
			buildRules = (
			);
			dependencies = (
				F128DE302AE0609400EA040C /* PBXTargetDependency */,
			);
			name = HOLISTICA1Tests;
			productName = HOLISTICA1Tests;
			productReference = F128DE2E2AE0609400EA040C /* HOLISTICA1Tests.xctest */;
			productType = "com.apple.product-type.bundle.unit-test";
		};
		F128DE372AE0609400EA040C /* HOLISTICA1UITests */ = {
			isa = PBXNativeTarget;
			buildConfigurationList = F128DE482AE0609400EA040C /* Build configuration list for PBXNativeTarget "HOLISTICA1UITests" */;
			buildPhases = (
				F128DE342AE0609400EA040C /* Sources */,
				F128DE352AE0609400EA040C /* Frameworks */,
				F128DE362AE0609400EA040C /* Resources */,
			);
			buildRules = (
			);
			dependencies = (
				F128DE3A2AE0609400EA040C /* PBXTargetDependency */,
			);
			name = HOLISTICA1UITests;
			productName = HOLISTICA1UITests;
			productReference = F128DE382AE0609400EA040C /* HOLISTICA1UITests.xctest */;
			productType = "com.apple.product-type.bundle.ui-testing";
		};
/* End PBXNativeTarget section */

/* Begin PBXProject section */
		F128DE162AE0609200EA040C /* Project object */ = {
			isa = PBXProject;
			attributes = {
				BuildIndependentTargetsInParallel = 1;
				LastSwiftUpdateCheck = 1500;
				LastUpgradeCheck = 1500;
				TargetAttributes = {
					F128DE1D2AE0609200EA040C = {
						CreatedOnToolsVersion = 15.0;
					};
					F128DE2D2AE0609400EA040C = {
						CreatedOnToolsVersion = 15.0;
						TestTargetID = F128DE1D2AE0609200EA040C;
					};
					F128DE372AE0609400EA040C = {
						CreatedOnToolsVersion = 15.0;
						TestTargetID = F128DE1D2AE0609200EA040C;
					};
				};
			};
			buildConfigurationList = F128DE192AE0609200EA040C /* Build configuration list for PBXProject "HOLISTICA1" */;
			compatibilityVersion = "Xcode 14.0";
			developmentRegion = en;
			hasScannedForEncodings = 0;
			knownRegions = (
				en,
				Base,
			);
			mainGroup = F128DE152AE0609200EA040C;
			packageReferences = (
				F128DE4E2AE0688A00EA040C /* XCRemoteSwiftPackageReference "BCSecure2023" */,
				F12D1F2F2B1D1D21003E4DC1 /* XCRemoteSwiftPackageReference "MRNetwork" */,
				F1C51E562B444A9200FFEFB6 /* XCRemoteSwiftPackageReference "aws-sdk-swift" */,
			);
			productRefGroup = F128DE1F2AE0609200EA040C /* Products */;
			projectDirPath = "";
			projectRoot = "";
			targets = (
				F128DE1D2AE0609200EA040C /* HOLISTICA1 */,
				F128DE2D2AE0609400EA040C /* HOLISTICA1Tests */,
				F128DE372AE0609400EA040C /* HOLISTICA1UITests */,
			);
		};
/* End PBXProject section */

/* Begin PBXResourcesBuildPhase section */
		F128DE1C2AE0609200EA040C /* Resources */ = {
			isa = PBXResourcesBuildPhase;
			buildActionMask = 2147483647;
			files = (
				F128DE292AE0609300EA040C /* Preview Assets.xcassets in Resources */,
				F128DE262AE0609300EA040C /* Assets.xcassets in Resources */,
			);
			runOnlyForDeploymentPostprocessing = 0;
		};
		F128DE2C2AE0609400EA040C /* Resources */ = {
			isa = PBXResourcesBuildPhase;
			buildActionMask = 2147483647;
			files = (
			);
			runOnlyForDeploymentPostprocessing = 0;
		};
		F128DE362AE0609400EA040C /* Resources */ = {
			isa = PBXResourcesBuildPhase;
			buildActionMask = 2147483647;
			files = (
			);
			runOnlyForDeploymentPostprocessing = 0;
		};
/* End PBXResourcesBuildPhase section */

/* Begin PBXSourcesBuildPhase section */
		F128DE1A2AE0609200EA040C /* Sources */ = {
			isa = PBXSourcesBuildPhase;
			buildActionMask = 2147483647;
			files = (
				F1F1BE182B093E3D0089FA26 /* ProgramCellHeader.swift in Sources */,
				F12999142AF40DB4009B35ED /* Model.swift in Sources */,
				F12C67352AF828DE0034AD97 /* UserProfileVM.swift in Sources */,
				F12999162AF40E17009B35ED /* CoursesVM.swift in Sources */,
				F1290B472B2F857F00DD628B /* CoursesView.swift in Sources */,
				F108CF232AE41F4C00D31D93 /* APIModel.swift in Sources */,
				F1B47B0F2B4B622600E88D77 /* ContentViewVideo.swift in Sources */,
				F1C83A952AEECA32000B5589 /* LoginVM.swift in Sources */,
				F1F1BE162B093B2B0089FA26 /* ClassesVM.swift in Sources */,
				F108CF2F2AE4227300D31D93 /* LoginView.swift in Sources */,
				F129990E2AF3D1CF009B35ED /* LoginRegisterView.swift in Sources */,
				F108CF292AE4202E00D31D93 /* SecManager.swift in Sources */,
				F1D55BFD2AFE4E0100B58405 /* WelcomeToHolisticaCell.swift in Sources */,
				F12999182AF41025009B35ED /* TestData.swift in Sources */,
				F1F1BE1E2B0996AC0089FA26 /* CourseCell.swift in Sources */,
				F1B47B092B4B602E00E88D77 /* HomeVideo.swift in Sources */,
				F1C83A932AEEC992000B5589 /* BiometryLogin.swift in Sources */,
				F129991F2AF43784009B35ED /* CourseCellHeader.swift in Sources */,
				F1D55C0E2B013A5B00B58405 /* ContentView.swift in Sources */,
				F139E64B2B1247B200D56910 /* BoughtProgramsVM.swift in Sources */,
				F129990A2AF3A7F0009B35ED /* Extensions.swift in Sources */,
				F14BF4032B0A975200CDB52C /* SettingsView.swift in Sources */,
				F1F1BE142B0939330089FA26 /* ClassesView.swift in Sources */,
				F139E64F2B13827D00D56910 /* BoughtProgramCell.swift in Sources */,
				F1DDBB3B2AE5925C00ECFF7A /* Network.swift in Sources */,
				F108CF312AE4228100D31D93 /* RegisterView.swift in Sources */,
				F1CDE0F42AF53203006BD246 /* CreateProfileView.swift in Sources */,
				F128DE4C2AE060CB00EA040C /* Interface.swift in Sources */,
				F1725CE82B3772BB00E70827 /* SIWAView.swift in Sources */,
				F1B47B0C2B4B60AB00E88D77 /* CustomVideoPlayer.swift in Sources */,
				F1B47B132B4CB84400E88D77 /* CMTime+Extensions.swift in Sources */,
				F1D55C082B00233000B58405 /* ProgramCell.swift in Sources */,
				F14BF4052B0ABD9300CDB52C /* CustomAlertLogout.swift in Sources */,
				F128DE222AE0609200EA040C /* HOLISTICA1App.swift in Sources */,
				F1BDFD802B3C987000F4B25C /* ClassCell.swift in Sources */,
				F1B47B112B4C7A2200E88D77 /* DoubleTapSeek.swift in Sources */,
				F1D55C0A2B00243400B58405 /* ProgramsVM.swift in Sources */,
				F12D1F332B1D30E1003E4DC1 /* MyProgramsEmptyCell.swift in Sources */,
				F1D55C042AFEA8E600B58405 /* ProgramsView.swift in Sources */,
			);
			runOnlyForDeploymentPostprocessing = 0;
		};
		F128DE2A2AE0609400EA040C /* Sources */ = {
			isa = PBXSourcesBuildPhase;
			buildActionMask = 2147483647;
			files = (
				F128DE332AE0609400EA040C /* HOLISTICA1Tests.swift in Sources */,
			);
			runOnlyForDeploymentPostprocessing = 0;
		};
		F128DE342AE0609400EA040C /* Sources */ = {
			isa = PBXSourcesBuildPhase;
			buildActionMask = 2147483647;
			files = (
				F128DE3D2AE0609400EA040C /* HOLISTICA1UITests.swift in Sources */,
				F128DE3F2AE0609400EA040C /* HOLISTICA1UITestsLaunchTests.swift in Sources */,
			);
			runOnlyForDeploymentPostprocessing = 0;
		};
/* End PBXSourcesBuildPhase section */

/* Begin PBXTargetDependency section */
		F128DE302AE0609400EA040C /* PBXTargetDependency */ = {
			isa = PBXTargetDependency;
			target = F128DE1D2AE0609200EA040C /* HOLISTICA1 */;
			targetProxy = F128DE2F2AE0609400EA040C /* PBXContainerItemProxy */;
		};
		F128DE3A2AE0609400EA040C /* PBXTargetDependency */ = {
			isa = PBXTargetDependency;
			target = F128DE1D2AE0609200EA040C /* HOLISTICA1 */;
			targetProxy = F128DE392AE0609400EA040C /* PBXContainerItemProxy */;
		};
/* End PBXTargetDependency section */

/* Begin XCBuildConfiguration section */
		F128DE402AE0609400EA040C /* Debug */ = {
			isa = XCBuildConfiguration;
			buildSettings = {
				ALWAYS_SEARCH_USER_PATHS = NO;
				ASSETCATALOG_COMPILER_GENERATE_SWIFT_ASSET_SYMBOL_EXTENSIONS = YES;
				CLANG_ANALYZER_NONNULL = YES;
				CLANG_ANALYZER_NUMBER_OBJECT_CONVERSION = YES_AGGRESSIVE;
				CLANG_CXX_LANGUAGE_STANDARD = "gnu++20";
				CLANG_ENABLE_MODULES = YES;
				CLANG_ENABLE_OBJC_ARC = YES;
				CLANG_ENABLE_OBJC_WEAK = YES;
				CLANG_WARN_BLOCK_CAPTURE_AUTORELEASING = YES;
				CLANG_WARN_BOOL_CONVERSION = YES;
				CLANG_WARN_COMMA = YES;
				CLANG_WARN_CONSTANT_CONVERSION = YES;
				CLANG_WARN_DEPRECATED_OBJC_IMPLEMENTATIONS = YES;
				CLANG_WARN_DIRECT_OBJC_ISA_USAGE = YES_ERROR;
				CLANG_WARN_DOCUMENTATION_COMMENTS = YES;
				CLANG_WARN_EMPTY_BODY = YES;
				CLANG_WARN_ENUM_CONVERSION = YES;
				CLANG_WARN_INFINITE_RECURSION = YES;
				CLANG_WARN_INT_CONVERSION = YES;
				CLANG_WARN_NON_LITERAL_NULL_CONVERSION = YES;
				CLANG_WARN_OBJC_IMPLICIT_RETAIN_SELF = YES;
				CLANG_WARN_OBJC_LITERAL_CONVERSION = YES;
				CLANG_WARN_OBJC_ROOT_CLASS = YES_ERROR;
				CLANG_WARN_QUOTED_INCLUDE_IN_FRAMEWORK_HEADER = YES;
				CLANG_WARN_RANGE_LOOP_ANALYSIS = YES;
				CLANG_WARN_STRICT_PROTOTYPES = YES;
				CLANG_WARN_SUSPICIOUS_MOVE = YES;
				CLANG_WARN_UNGUARDED_AVAILABILITY = YES_AGGRESSIVE;
				CLANG_WARN_UNREACHABLE_CODE = YES;
				CLANG_WARN__DUPLICATE_METHOD_MATCH = YES;
				COPY_PHASE_STRIP = NO;
				DEBUG_INFORMATION_FORMAT = dwarf;
				ENABLE_STRICT_OBJC_MSGSEND = YES;
				ENABLE_TESTABILITY = YES;
				ENABLE_USER_SCRIPT_SANDBOXING = YES;
				GCC_C_LANGUAGE_STANDARD = gnu17;
				GCC_DYNAMIC_NO_PIC = NO;
				GCC_NO_COMMON_BLOCKS = YES;
				GCC_OPTIMIZATION_LEVEL = 0;
				GCC_PREPROCESSOR_DEFINITIONS = (
					"DEBUG=1",
					"$(inherited)",
				);
				GCC_WARN_64_TO_32_BIT_CONVERSION = YES;
				GCC_WARN_ABOUT_RETURN_TYPE = YES_ERROR;
				GCC_WARN_UNDECLARED_SELECTOR = YES;
				GCC_WARN_UNINITIALIZED_AUTOS = YES_AGGRESSIVE;
				GCC_WARN_UNUSED_FUNCTION = YES;
				GCC_WARN_UNUSED_VARIABLE = YES;
				IPHONEOS_DEPLOYMENT_TARGET = 16.0;
				LOCALIZATION_PREFERS_STRING_CATALOGS = YES;
				MTL_ENABLE_DEBUG_INFO = INCLUDE_SOURCE;
				MTL_FAST_MATH = YES;
				ONLY_ACTIVE_ARCH = YES;
				SDKROOT = iphoneos;
				SWIFT_ACTIVE_COMPILATION_CONDITIONS = "DEBUG $(inherited)";
				SWIFT_OPTIMIZATION_LEVEL = "-Onone";
			};
			name = Debug;
		};
		F128DE412AE0609400EA040C /* Release */ = {
			isa = XCBuildConfiguration;
			buildSettings = {
				ALWAYS_SEARCH_USER_PATHS = NO;
				ASSETCATALOG_COMPILER_GENERATE_SWIFT_ASSET_SYMBOL_EXTENSIONS = YES;
				CLANG_ANALYZER_NONNULL = YES;
				CLANG_ANALYZER_NUMBER_OBJECT_CONVERSION = YES_AGGRESSIVE;
				CLANG_CXX_LANGUAGE_STANDARD = "gnu++20";
				CLANG_ENABLE_MODULES = YES;
				CLANG_ENABLE_OBJC_ARC = YES;
				CLANG_ENABLE_OBJC_WEAK = YES;
				CLANG_WARN_BLOCK_CAPTURE_AUTORELEASING = YES;
				CLANG_WARN_BOOL_CONVERSION = YES;
				CLANG_WARN_COMMA = YES;
				CLANG_WARN_CONSTANT_CONVERSION = YES;
				CLANG_WARN_DEPRECATED_OBJC_IMPLEMENTATIONS = YES;
				CLANG_WARN_DIRECT_OBJC_ISA_USAGE = YES_ERROR;
				CLANG_WARN_DOCUMENTATION_COMMENTS = YES;
				CLANG_WARN_EMPTY_BODY = YES;
				CLANG_WARN_ENUM_CONVERSION = YES;
				CLANG_WARN_INFINITE_RECURSION = YES;
				CLANG_WARN_INT_CONVERSION = YES;
				CLANG_WARN_NON_LITERAL_NULL_CONVERSION = YES;
				CLANG_WARN_OBJC_IMPLICIT_RETAIN_SELF = YES;
				CLANG_WARN_OBJC_LITERAL_CONVERSION = YES;
				CLANG_WARN_OBJC_ROOT_CLASS = YES_ERROR;
				CLANG_WARN_QUOTED_INCLUDE_IN_FRAMEWORK_HEADER = YES;
				CLANG_WARN_RANGE_LOOP_ANALYSIS = YES;
				CLANG_WARN_STRICT_PROTOTYPES = YES;
				CLANG_WARN_SUSPICIOUS_MOVE = YES;
				CLANG_WARN_UNGUARDED_AVAILABILITY = YES_AGGRESSIVE;
				CLANG_WARN_UNREACHABLE_CODE = YES;
				CLANG_WARN__DUPLICATE_METHOD_MATCH = YES;
				COPY_PHASE_STRIP = NO;
				DEBUG_INFORMATION_FORMAT = "dwarf-with-dsym";
				ENABLE_NS_ASSERTIONS = NO;
				ENABLE_STRICT_OBJC_MSGSEND = YES;
				ENABLE_USER_SCRIPT_SANDBOXING = YES;
				GCC_C_LANGUAGE_STANDARD = gnu17;
				GCC_NO_COMMON_BLOCKS = YES;
				GCC_WARN_64_TO_32_BIT_CONVERSION = YES;
				GCC_WARN_ABOUT_RETURN_TYPE = YES_ERROR;
				GCC_WARN_UNDECLARED_SELECTOR = YES;
				GCC_WARN_UNINITIALIZED_AUTOS = YES_AGGRESSIVE;
				GCC_WARN_UNUSED_FUNCTION = YES;
				GCC_WARN_UNUSED_VARIABLE = YES;
				IPHONEOS_DEPLOYMENT_TARGET = 16.0;
				LOCALIZATION_PREFERS_STRING_CATALOGS = YES;
				MTL_ENABLE_DEBUG_INFO = NO;
				MTL_FAST_MATH = YES;
				SDKROOT = iphoneos;
				SWIFT_COMPILATION_MODE = wholemodule;
				VALIDATE_PRODUCT = YES;
			};
			name = Release;
		};
		F128DE432AE0609400EA040C /* Debug */ = {
			isa = XCBuildConfiguration;
			buildSettings = {
				ASSETCATALOG_COMPILER_APPICON_NAME = AppIcon;
				ASSETCATALOG_COMPILER_GLOBAL_ACCENT_COLOR_NAME = AccentColor;
				CODE_SIGN_ENTITLEMENTS = HOLISTICA1/HOLISTICA1.entitlements;
				CODE_SIGN_STYLE = Automatic;
				CURRENT_PROJECT_VERSION = 1;
				DEVELOPMENT_ASSET_PATHS = "\"HOLISTICA1/Preview Content\"";
				DEVELOPMENT_TEAM = RU224KV7KL;
				ENABLE_PREVIEWS = YES;
				GENERATE_INFOPLIST_FILE = YES;
				INFOPLIST_FILE = HOLISTICA1/Info.plist;
				INFOPLIST_KEY_NSFaceIDUsageDescription = "The app will validate your identity.";
				INFOPLIST_KEY_UIApplicationSceneManifest_Generation = YES;
				INFOPLIST_KEY_UIApplicationSupportsIndirectInputEvents = YES;
				INFOPLIST_KEY_UILaunchScreen_Generation = YES;
				INFOPLIST_KEY_UISupportedInterfaceOrientations = UIInterfaceOrientationPortrait;
				IPHONEOS_DEPLOYMENT_TARGET = 16.0;
				LD_RUNPATH_SEARCH_PATHS = (
					"$(inherited)",
					"@executable_path/Frameworks",
				);
				MARKETING_VERSION = 1.0;
				PRODUCT_BUNDLE_IDENTIFIER = com.miguelridruejo.HOLISTICA1;
				PRODUCT_NAME = "$(TARGET_NAME)";
				SWIFT_EMIT_LOC_STRINGS = YES;
				SWIFT_VERSION = 5.0;
				TARGETED_DEVICE_FAMILY = "1,2";
			};
			name = Debug;
		};
		F128DE442AE0609400EA040C /* Release */ = {
			isa = XCBuildConfiguration;
			buildSettings = {
				ASSETCATALOG_COMPILER_APPICON_NAME = AppIcon;
				ASSETCATALOG_COMPILER_GLOBAL_ACCENT_COLOR_NAME = AccentColor;
				CODE_SIGN_ENTITLEMENTS = HOLISTICA1/HOLISTICA1.entitlements;
				CODE_SIGN_STYLE = Automatic;
				CURRENT_PROJECT_VERSION = 1;
				DEVELOPMENT_ASSET_PATHS = "\"HOLISTICA1/Preview Content\"";
				DEVELOPMENT_TEAM = RU224KV7KL;
				ENABLE_PREVIEWS = YES;
				GENERATE_INFOPLIST_FILE = YES;
				INFOPLIST_FILE = HOLISTICA1/Info.plist;
				INFOPLIST_KEY_NSFaceIDUsageDescription = "The app will validate your identity.";
				INFOPLIST_KEY_UIApplicationSceneManifest_Generation = YES;
				INFOPLIST_KEY_UIApplicationSupportsIndirectInputEvents = YES;
				INFOPLIST_KEY_UILaunchScreen_Generation = YES;
				INFOPLIST_KEY_UISupportedInterfaceOrientations = UIInterfaceOrientationPortrait;
				IPHONEOS_DEPLOYMENT_TARGET = 16.0;
				LD_RUNPATH_SEARCH_PATHS = (
					"$(inherited)",
					"@executable_path/Frameworks",
				);
				MARKETING_VERSION = 1.0;
				PRODUCT_BUNDLE_IDENTIFIER = com.miguelridruejo.HOLISTICA1;
				PRODUCT_NAME = "$(TARGET_NAME)";
				SWIFT_EMIT_LOC_STRINGS = YES;
				SWIFT_VERSION = 5.0;
				TARGETED_DEVICE_FAMILY = "1,2";
			};
			name = Release;
		};
		F128DE462AE0609400EA040C /* Debug */ = {
			isa = XCBuildConfiguration;
			buildSettings = {
				ALWAYS_EMBED_SWIFT_STANDARD_LIBRARIES = YES;
				BUNDLE_LOADER = "$(TEST_HOST)";
				CODE_SIGN_STYLE = Automatic;
				CURRENT_PROJECT_VERSION = 1;
				DEVELOPMENT_TEAM = RU224KV7KL;
				GENERATE_INFOPLIST_FILE = YES;
				IPHONEOS_DEPLOYMENT_TARGET = 17.0;
				MARKETING_VERSION = 1.0;
				PRODUCT_BUNDLE_IDENTIFIER = com.miguelridruejo.HOLISTICA1Tests;
				PRODUCT_NAME = "$(TARGET_NAME)";
				SWIFT_EMIT_LOC_STRINGS = NO;
				SWIFT_VERSION = 5.0;
				TARGETED_DEVICE_FAMILY = "1,2";
				TEST_HOST = "$(BUILT_PRODUCTS_DIR)/HOLISTICA1.app/$(BUNDLE_EXECUTABLE_FOLDER_PATH)/HOLISTICA1";
			};
			name = Debug;
		};
		F128DE472AE0609400EA040C /* Release */ = {
			isa = XCBuildConfiguration;
			buildSettings = {
				ALWAYS_EMBED_SWIFT_STANDARD_LIBRARIES = YES;
				BUNDLE_LOADER = "$(TEST_HOST)";
				CODE_SIGN_STYLE = Automatic;
				CURRENT_PROJECT_VERSION = 1;
				DEVELOPMENT_TEAM = RU224KV7KL;
				GENERATE_INFOPLIST_FILE = YES;
				IPHONEOS_DEPLOYMENT_TARGET = 17.0;
				MARKETING_VERSION = 1.0;
				PRODUCT_BUNDLE_IDENTIFIER = com.miguelridruejo.HOLISTICA1Tests;
				PRODUCT_NAME = "$(TARGET_NAME)";
				SWIFT_EMIT_LOC_STRINGS = NO;
				SWIFT_VERSION = 5.0;
				TARGETED_DEVICE_FAMILY = "1,2";
				TEST_HOST = "$(BUILT_PRODUCTS_DIR)/HOLISTICA1.app/$(BUNDLE_EXECUTABLE_FOLDER_PATH)/HOLISTICA1";
			};
			name = Release;
		};
		F128DE492AE0609400EA040C /* Debug */ = {
			isa = XCBuildConfiguration;
			buildSettings = {
				ALWAYS_EMBED_SWIFT_STANDARD_LIBRARIES = YES;
				CODE_SIGN_STYLE = Automatic;
				CURRENT_PROJECT_VERSION = 1;
				DEVELOPMENT_TEAM = RU224KV7KL;
				GENERATE_INFOPLIST_FILE = YES;
				MARKETING_VERSION = 1.0;
				PRODUCT_BUNDLE_IDENTIFIER = com.miguelridruejo.HOLISTICA1UITests;
				PRODUCT_NAME = "$(TARGET_NAME)";
				SWIFT_EMIT_LOC_STRINGS = NO;
				SWIFT_VERSION = 5.0;
				TARGETED_DEVICE_FAMILY = "1,2";
				TEST_TARGET_NAME = HOLISTICA1;
			};
			name = Debug;
		};
		F128DE4A2AE0609400EA040C /* Release */ = {
			isa = XCBuildConfiguration;
			buildSettings = {
				ALWAYS_EMBED_SWIFT_STANDARD_LIBRARIES = YES;
				CODE_SIGN_STYLE = Automatic;
				CURRENT_PROJECT_VERSION = 1;
				DEVELOPMENT_TEAM = RU224KV7KL;
				GENERATE_INFOPLIST_FILE = YES;
				MARKETING_VERSION = 1.0;
				PRODUCT_BUNDLE_IDENTIFIER = com.miguelridruejo.HOLISTICA1UITests;
				PRODUCT_NAME = "$(TARGET_NAME)";
				SWIFT_EMIT_LOC_STRINGS = NO;
				SWIFT_VERSION = 5.0;
				TARGETED_DEVICE_FAMILY = "1,2";
				TEST_TARGET_NAME = HOLISTICA1;
			};
			name = Release;
		};
/* End XCBuildConfiguration section */

/* Begin XCConfigurationList section */
		F128DE192AE0609200EA040C /* Build configuration list for PBXProject "HOLISTICA1" */ = {
			isa = XCConfigurationList;
			buildConfigurations = (
				F128DE402AE0609400EA040C /* Debug */,
				F128DE412AE0609400EA040C /* Release */,
			);
			defaultConfigurationIsVisible = 0;
			defaultConfigurationName = Release;
		};
		F128DE422AE0609400EA040C /* Build configuration list for PBXNativeTarget "HOLISTICA1" */ = {
			isa = XCConfigurationList;
			buildConfigurations = (
				F128DE432AE0609400EA040C /* Debug */,
				F128DE442AE0609400EA040C /* Release */,
			);
			defaultConfigurationIsVisible = 0;
			defaultConfigurationName = Release;
		};
		F128DE452AE0609400EA040C /* Build configuration list for PBXNativeTarget "HOLISTICA1Tests" */ = {
			isa = XCConfigurationList;
			buildConfigurations = (
				F128DE462AE0609400EA040C /* Debug */,
				F128DE472AE0609400EA040C /* Release */,
			);
			defaultConfigurationIsVisible = 0;
			defaultConfigurationName = Release;
		};
		F128DE482AE0609400EA040C /* Build configuration list for PBXNativeTarget "HOLISTICA1UITests" */ = {
			isa = XCConfigurationList;
			buildConfigurations = (
				F128DE492AE0609400EA040C /* Debug */,
				F128DE4A2AE0609400EA040C /* Release */,
			);
			defaultConfigurationIsVisible = 0;
			defaultConfigurationName = Release;
		};
/* End XCConfigurationList section */

/* Begin XCRemoteSwiftPackageReference section */
		F128DE4E2AE0688A00EA040C /* XCRemoteSwiftPackageReference "BCSecure2023" */ = {
			isa = XCRemoteSwiftPackageReference;
			repositoryURL = "https://github.com/applecodingacademy/BCSecure2023.git";
			requirement = {
				kind = upToNextMajorVersion;
				minimumVersion = 0.8.0;
			};
		};
		F12D1F2F2B1D1D21003E4DC1 /* XCRemoteSwiftPackageReference "MRNetwork" */ = {
			isa = XCRemoteSwiftPackageReference;
			repositoryURL = "https://github.com/mridruejo5/MRNetwork.git";
			requirement = {
				kind = upToNextMajorVersion;
				minimumVersion = 0.2.0;
			};
		};
		F1C51E562B444A9200FFEFB6 /* XCRemoteSwiftPackageReference "aws-sdk-swift" */ = {
			isa = XCRemoteSwiftPackageReference;
			repositoryURL = "https://github.com/awslabs/aws-sdk-swift.git";
			requirement = {
				kind = upToNextMajorVersion;
				minimumVersion = 0.33.0;
			};
		};
/* End XCRemoteSwiftPackageReference section */

/* Begin XCSwiftPackageProductDependency section */
		F128DE4F2AE0688A00EA040C /* BCSecure2023 */ = {
			isa = XCSwiftPackageProductDependency;
			package = F128DE4E2AE0688A00EA040C /* XCRemoteSwiftPackageReference "BCSecure2023" */;
			productName = BCSecure2023;
		};
		F12D1F302B1D1D21003E4DC1 /* MRNetwork */ = {
			isa = XCSwiftPackageProductDependency;
			package = F12D1F2F2B1D1D21003E4DC1 /* XCRemoteSwiftPackageReference "MRNetwork" */;
			productName = MRNetwork;
		};
		F1C51E572B444A9200FFEFB6 /* AWSS3 */ = {
			isa = XCSwiftPackageProductDependency;
			package = F1C51E562B444A9200FFEFB6 /* XCRemoteSwiftPackageReference "aws-sdk-swift" */;
			productName = AWSS3;
		};
		F1C51E592B444A9200FFEFB6 /* AWSS3Control */ = {
			isa = XCSwiftPackageProductDependency;
			package = F1C51E562B444A9200FFEFB6 /* XCRemoteSwiftPackageReference "aws-sdk-swift" */;
			productName = AWSS3Control;
		};
		F1C51E5B2B444A9200FFEFB6 /* AWSS3Outposts */ = {
			isa = XCSwiftPackageProductDependency;
			package = F1C51E562B444A9200FFEFB6 /* XCRemoteSwiftPackageReference "aws-sdk-swift" */;
			productName = AWSS3Outposts;
		};
/* End XCSwiftPackageProductDependency section */
	};
	rootObject = F128DE162AE0609200EA040C /* Project object */;
}
