// !$*UTF8*$!
{
	archiveVersion = 1;
	classes = {
	};
	objectVersion = 56;
	objects = {

/* Begin PBXBuildFile section */
		F128DE222AE0609200EA040C /* HOLISTICA1App.swift in Sources */ = {isa = PBXBuildFile; fileRef = F128DE212AE0609200EA040C /* HOLISTICA1App.swift */; };
		F128DE242AE0609200EA040C /* ContentView.swift in Sources */ = {isa = PBXBuildFile; fileRef = F128DE232AE0609200EA040C /* ContentView.swift */; };
		F128DE262AE0609300EA040C /* Assets.xcassets in Resources */ = {isa = PBXBuildFile; fileRef = F128DE252AE0609300EA040C /* Assets.xcassets */; };
		F128DE292AE0609300EA040C /* Preview Assets.xcassets in Resources */ = {isa = PBXBuildFile; fileRef = F128DE282AE0609300EA040C /* Preview Assets.xcassets */; };
		F128DE332AE0609400EA040C /* HOLISTICA1Tests.swift in Sources */ = {isa = PBXBuildFile; fileRef = F128DE322AE0609400EA040C /* HOLISTICA1Tests.swift */; };
		F128DE3D2AE0609400EA040C /* HOLISTICA1UITests.swift in Sources */ = {isa = PBXBuildFile; fileRef = F128DE3C2AE0609400EA040C /* HOLISTICA1UITests.swift */; };
		F128DE3F2AE0609400EA040C /* HOLISTICA1UITestsLaunchTests.swift in Sources */ = {isa = PBXBuildFile; fileRef = F128DE3E2AE0609400EA040C /* HOLISTICA1UITestsLaunchTests.swift */; };
/* End PBXBuildFile section */

/* Begin PBXContainerItemProxy section */
		F128DE2F2AE0609400EA040C /* PBXContainerItemProxy */ = {
			isa = PBXContainerItemProxy;
			containerPortal = F128DE162AE0609200EA040C /* Project object */;
			proxyType = 1;
			remoteGlobalIDString = F128DE1D2AE0609200EA040C;
			remoteInfo = HOLISTICA1;
		};
		F128DE392AE0609400EA040C /* PBXContainerItemProxy */ = {
			isa = PBXContainerItemProxy;
			containerPortal = F128DE162AE0609200EA040C /* Project object */;
			proxyType = 1;
			remoteGlobalIDString = F128DE1D2AE0609200EA040C;
			remoteInfo = HOLISTICA1;
		};
/* End PBXContainerItemProxy section */

/* Begin PBXFileReference section */
		F128DE1E2AE0609200EA040C /* HOLISTICA1.app */ = {isa = PBXFileReference; explicitFileType = wrapper.application; includeInIndex = 0; path = HOLISTICA1.app; sourceTree = BUILT_PRODUCTS_DIR; };
		F128DE212AE0609200EA040C /* HOLISTICA1App.swift */ = {isa = PBXFileReference; lastKnownFileType = sourcecode.swift; path = HOLISTICA1App.swift; sourceTree = "<group>"; };
		F128DE232AE0609200EA040C /* ContentView.swift */ = {isa = PBXFileReference; lastKnownFileType = sourcecode.swift; path = ContentView.swift; sourceTree = "<group>"; };
		F128DE252AE0609300EA040C /* Assets.xcassets */ = {isa = PBXFileReference; lastKnownFileType = folder.assetcatalog; path = Assets.xcassets; sourceTree = "<group>"; };
		F128DE282AE0609300EA040C /* Preview Assets.xcassets */ = {isa = PBXFileReference; lastKnownFileType = folder.assetcatalog; path = "Preview Assets.xcassets"; sourceTree = "<group>"; };
		F128DE2E2AE0609400EA040C /* HOLISTICA1Tests.xctest */ = {isa = PBXFileReference; explicitFileType = wrapper.cfbundle; includeInIndex = 0; path = HOLISTICA1Tests.xctest; sourceTree = BUILT_PRODUCTS_DIR; };
		F128DE322AE0609400EA040C /* HOLISTICA1Tests.swift */ = {isa = PBXFileReference; lastKnownFileType = sourcecode.swift; path = HOLISTICA1Tests.swift; sourceTree = "<group>"; };
		F128DE382AE0609400EA040C /* HOLISTICA1UITests.xctest */ = {isa = PBXFileReference; explicitFileType = wrapper.cfbundle; includeInIndex = 0; path = HOLISTICA1UITests.xctest; sourceTree = BUILT_PRODUCTS_DIR; };
		F128DE3C2AE0609400EA040C /* HOLISTICA1UITests.swift */ = {isa = PBXFileReference; lastKnownFileType = sourcecode.swift; path = HOLISTICA1UITests.swift; sourceTree = "<group>"; };
		F128DE3E2AE0609400EA040C /* HOLISTICA1UITestsLaunchTests.swift */ = {isa = PBXFileReference; lastKnownFileType = sourcecode.swift; path = HOLISTICA1UITestsLaunchTests.swift; sourceTree = "<group>"; };
/* End PBXFileReference section */

/* Begin PBXFrameworksBuildPhase section */
		F128DE1B2AE0609200EA040C /* Frameworks */ = {
			isa = PBXFrameworksBuildPhase;
			buildActionMask = 2147483647;
			files = (
			);
			runOnlyForDeploymentPostprocessing = 0;
		};
		F128DE2B2AE0609400EA040C /* Frameworks */ = {
			isa = PBXFrameworksBuildPhase;
			buildActionMask = 2147483647;
			files = (
			);
			runOnlyForDeploymentPostprocessing = 0;
		};
		F128DE352AE0609400EA040C /* Frameworks */ = {
			isa = PBXFrameworksBuildPhase;
			buildActionMask = 2147483647;
			files = (
			);
			runOnlyForDeploymentPostprocessing = 0;
		};
/* End PBXFrameworksBuildPhase section */

/* Begin PBXGroup section */
		F128DE152AE0609200EA040C = {
			isa = PBXGroup;
			children = (
				F128DE202AE0609200EA040C /* HOLISTICA1 */,
				F128DE312AE0609400EA040C /* HOLISTICA1Tests */,
				F128DE3B2AE0609400EA040C /* HOLISTICA1UITests */,
				F128DE1F2AE0609200EA040C /* Products */,
			);
			sourceTree = "<group>";
		};
		F128DE1F2AE0609200EA040C /* Products */ = {
			isa = PBXGroup;
			children = (
				F128DE1E2AE0609200EA040C /* HOLISTICA1.app */,
				F128DE2E2AE0609400EA040C /* HOLISTICA1Tests.xctest */,
				F128DE382AE0609400EA040C /* HOLISTICA1UITests.xctest */,
			);
			name = Products;
			sourceTree = "<group>";
		};
		F128DE202AE0609200EA040C /* HOLISTICA1 */ = {
			isa = PBXGroup;
			children = (
				F128DE212AE0609200EA040C /* HOLISTICA1App.swift */,
				F128DE232AE0609200EA040C /* ContentView.swift */,
				F128DE252AE0609300EA040C /* Assets.xcassets */,
				F128DE272AE0609300EA040C /* Preview Content */,
			);
			path = HOLISTICA1;
			sourceTree = "<group>";
		};
		F128DE272AE0609300EA040C /* Preview Content */ = {
			isa = PBXGroup;
			children = (
				F128DE282AE0609300EA040C /* Preview Assets.xcassets */,
			);
			path = "Preview Content";
			sourceTree = "<group>";
		};
		F128DE312AE0609400EA040C /* HOLISTICA1Tests */ = {
			isa = PBXGroup;
			children = (
				F128DE322AE0609400EA040C /* HOLISTICA1Tests.swift */,
			);
			path = HOLISTICA1Tests;
			sourceTree = "<group>";
		};
		F128DE3B2AE0609400EA040C /* HOLISTICA1UITests */ = {
			isa = PBXGroup;
			children = (
				F128DE3C2AE0609400EA040C /* HOLISTICA1UITests.swift */,
				F128DE3E2AE0609400EA040C /* HOLISTICA1UITestsLaunchTests.swift */,
			);
			path = HOLISTICA1UITests;
			sourceTree = "<group>";
		};
/* End PBXGroup section */

/* Begin PBXNativeTarget section */
		F128DE1D2AE0609200EA040C /* HOLISTICA1 */ = {
			isa = PBXNativeTarget;
			buildConfigurationList = F128DE422AE0609400EA040C /* Build configuration list for PBXNativeTarget "HOLISTICA1" */;
			buildPhases = (
				F128DE1A2AE0609200EA040C /* Sources */,
				F128DE1B2AE0609200EA040C /* Frameworks */,
				F128DE1C2AE0609200EA040C /* Resources */,
			);
			buildRules = (
			);
			dependencies = (
			);
			name = HOLISTICA1;
			productName = HOLISTICA1;
			productReference = F128DE1E2AE0609200EA040C /* HOLISTICA1.app */;
			productType = "com.apple.product-type.application";
		};
		F128DE2D2AE0609400EA040C /* HOLISTICA1Tests */ = {
			isa = PBXNativeTarget;
			buildConfigurationList = F128DE452AE0609400EA040C /* Build configuration list for PBXNativeTarget "HOLISTICA1Tests" */;
			buildPhases = (
				F128DE2A2AE0609400EA040C /* Sources */,
				F128DE2B2AE0609400EA040C /* Frameworks */,
				F128DE2C2AE0609400EA040C /* Resources */,
			);
			buildRules = (
			);
			dependencies = (
				F128DE302AE0609400EA040C /* PBXTargetDependency */,
			);
			name = HOLISTICA1Tests;
			productName = HOLISTICA1Tests;
			productReference = F128DE2E2AE0609400EA040C /* HOLISTICA1Tests.xctest */;
			productType = "com.apple.product-type.bundle.unit-test";
		};
		F128DE372AE0609400EA040C /* HOLISTICA1UITests */ = {
			isa = PBXNativeTarget;
			buildConfigurationList = F128DE482AE0609400EA040C /* Build configuration list for PBXNativeTarget "HOLISTICA1UITests" */;
			buildPhases = (
				F128DE342AE0609400EA040C /* Sources */,
				F128DE352AE0609400EA040C /* Frameworks */,
				F128DE362AE0609400EA040C /* Resources */,
			);
			buildRules = (
			);
			dependencies = (
				F128DE3A2AE0609400EA040C /* PBXTargetDependency */,
			);
			name = HOLISTICA1UITests;
			productName = HOLISTICA1UITests;
			productReference = F128DE382AE0609400EA040C /* HOLISTICA1UITests.xctest */;
			productType = "com.apple.product-type.bundle.ui-testing";
		};
/* End PBXNativeTarget section */

/* Begin PBXProject section */
		F128DE162AE0609200EA040C /* Project object */ = {
			isa = PBXProject;
			attributes = {
				BuildIndependentTargetsInParallel = 1;
				LastSwiftUpdateCheck = 1500;
				LastUpgradeCheck = 1500;
				TargetAttributes = {
					F128DE1D2AE0609200EA040C = {
						CreatedOnToolsVersion = 15.0;
					};
					F128DE2D2AE0609400EA040C = {
						CreatedOnToolsVersion = 15.0;
						TestTargetID = F128DE1D2AE0609200EA040C;
					};
					F128DE372AE0609400EA040C = {
						CreatedOnToolsVersion = 15.0;
						TestTargetID = F128DE1D2AE0609200EA040C;
					};
				};
			};
			buildConfigurationList = F128DE192AE0609200EA040C /* Build configuration list for PBXProject "HOLISTICA1" */;
			compatibilityVersion = "Xcode 14.0";
			developmentRegion = en;
			hasScannedForEncodings = 0;
			knownRegions = (
				en,
				Base,
			);
			mainGroup = F128DE152AE0609200EA040C;
			productRefGroup = F128DE1F2AE0609200EA040C /* Products */;
			projectDirPath = "";
			projectRoot = "";
			targets = (
				F128DE1D2AE0609200EA040C /* HOLISTICA1 */,
				F128DE2D2AE0609400EA040C /* HOLISTICA1Tests */,
				F128DE372AE0609400EA040C /* HOLISTICA1UITests */,
			);
		};
/* End PBXProject section */

/* Begin PBXResourcesBuildPhase section */
		F128DE1C2AE0609200EA040C /* Resources */ = {
			isa = PBXResourcesBuildPhase;
			buildActionMask = 2147483647;
			files = (
				F128DE292AE0609300EA040C /* Preview Assets.xcassets in Resources */,
				F128DE262AE0609300EA040C /* Assets.xcassets in Resources */,
			);
			runOnlyForDeploymentPostprocessing = 0;
		};
		F128DE2C2AE0609400EA040C /* Resources */ = {
			isa = PBXResourcesBuildPhase;
			buildActionMask = 2147483647;
			files = (
			);
			runOnlyForDeploymentPostprocessing = 0;
		};
		F128DE362AE0609400EA040C /* Resources */ = {
			isa = PBXResourcesBuildPhase;
			buildActionMask = 2147483647;
			files = (
			);
			runOnlyForDeploymentPostprocessing = 0;
		};
/* End PBXResourcesBuildPhase section */

/* Begin PBXSourcesBuildPhase section */
		F128DE1A2AE0609200EA040C /* Sources */ = {
			isa = PBXSourcesBuildPhase;
			buildActionMask = 2147483647;
			files = (
				F128DE242AE0609200EA040C /* ContentView.swift in Sources */,
				F128DE222AE0609200EA040C /* HOLISTICA1App.swift in Sources */,
			);
			runOnlyForDeploymentPostprocessing = 0;
		};
		F128DE2A2AE0609400EA040C /* Sources */ = {
			isa = PBXSourcesBuildPhase;
			buildActionMask = 2147483647;
			files = (
				F128DE332AE0609400EA040C /* HOLISTICA1Tests.swift in Sources */,
			);
			runOnlyForDeploymentPostprocessing = 0;
		};
		F128DE342AE0609400EA040C /* Sources */ = {
			isa = PBXSourcesBuildPhase;
			buildActionMask = 2147483647;
			files = (
				F128DE3D2AE0609400EA040C /* HOLISTICA1UITests.swift in Sources */,
				F128DE3F2AE0609400EA040C /* HOLISTICA1UITestsLaunchTests.swift in Sources */,
			);
			runOnlyForDeploymentPostprocessing = 0;
		};
/* End PBXSourcesBuildPhase section */

/* Begin PBXTargetDependency section */
		F128DE302AE0609400EA040C /* PBXTargetDependency */ = {
			isa = PBXTargetDependency;
			target = F128DE1D2AE0609200EA040C /* HOLISTICA1 */;
			targetProxy = F128DE2F2AE0609400EA040C /* PBXContainerItemProxy */;
		};
		F128DE3A2AE0609400EA040C /* PBXTargetDependency */ = {
			isa = PBXTargetDependency;
			target = F128DE1D2AE0609200EA040C /* HOLISTICA1 */;
			targetProxy = F128DE392AE0609400EA040C /* PBXContainerItemProxy */;
		};
/* End PBXTargetDependency section */

/* Begin XCBuildConfiguration section */
		F128DE402AE0609400EA040C /* Debug */ = {
			isa = XCBuildConfiguration;
			buildSettings = {
				ALWAYS_SEARCH_USER_PATHS = NO;
				ASSETCATALOG_COMPILER_GENERATE_SWIFT_ASSET_SYMBOL_EXTENSIONS = YES;
				CLANG_ANALYZER_NONNULL = YES;
				CLANG_ANALYZER_NUMBER_OBJECT_CONVERSION = YES_AGGRESSIVE;
				CLANG_CXX_LANGUAGE_STANDARD = "gnu++20";
				CLANG_ENABLE_MODULES = YES;
				CLANG_ENABLE_OBJC_ARC = YES;
				CLANG_ENABLE_OBJC_WEAK = YES;
				CLANG_WARN_BLOCK_CAPTURE_AUTORELEASING = YES;
				CLANG_WARN_BOOL_CONVERSION = YES;
				CLANG_WARN_COMMA = YES;
				CLANG_WARN_CONSTANT_CONVERSION = YES;
				CLANG_WARN_DEPRECATED_OBJC_IMPLEMENTATIONS = YES;
				CLANG_WARN_DIRECT_OBJC_ISA_USAGE = YES_ERROR;
				CLANG_WARN_DOCUMENTATION_COMMENTS = YES;
				CLANG_WARN_EMPTY_BODY = YES;
				CLANG_WARN_ENUM_CONVERSION = YES;
				CLANG_WARN_INFINITE_RECURSION = YES;
				CLANG_WARN_INT_CONVERSION = YES;
				CLANG_WARN_NON_LITERAL_NULL_CONVERSION = YES;
				CLANG_WARN_OBJC_IMPLICIT_RETAIN_SELF = YES;
				CLANG_WARN_OBJC_LITERAL_CONVERSION = YES;
				CLANG_WARN_OBJC_ROOT_CLASS = YES_ERROR;
				CLANG_WARN_QUOTED_INCLUDE_IN_FRAMEWORK_HEADER = YES;
				CLANG_WARN_RANGE_LOOP_ANALYSIS = YES;
				CLANG_WARN_STRICT_PROTOTYPES = YES;
				CLANG_WARN_SUSPICIOUS_MOVE = YES;
				CLANG_WARN_UNGUARDED_AVAILABILITY = YES_AGGRESSIVE;
				CLANG_WARN_UNREACHABLE_CODE = YES;
				CLANG_WARN__DUPLICATE_METHOD_MATCH = YES;
				COPY_PHASE_STRIP = NO;
				DEBUG_INFORMATION_FORMAT = dwarf;
				ENABLE_STRICT_OBJC_MSGSEND = YES;
				ENABLE_TESTABILITY = YES;
				ENABLE_USER_SCRIPT_SANDBOXING = YES;
				GCC_C_LANGUAGE_STANDARD = gnu17;
				GCC_DYNAMIC_NO_PIC = NO;
				GCC_NO_COMMON_BLOCKS = YES;
				GCC_OPTIMIZATION_LEVEL = 0;
				GCC_PREPROCESSOR_DEFINITIONS = (
					"DEBUG=1",
					"$(inherited)",
				);
				GCC_WARN_64_TO_32_BIT_CONVERSION = YES;
				GCC_WARN_ABOUT_RETURN_TYPE = YES_ERROR;
				GCC_WARN_UNDECLARED_SELECTOR = YES;
				GCC_WARN_UNINITIALIZED_AUTOS = YES_AGGRESSIVE;
				GCC_WARN_UNUSED_FUNCTION = YES;
				GCC_WARN_UNUSED_VARIABLE = YES;
				IPHONEOS_DEPLOYMENT_TARGET = 17.0;
				LOCALIZATION_PREFERS_STRING_CATALOGS = YES;
				MTL_ENABLE_DEBUG_INFO = INCLUDE_SOURCE;
				MTL_FAST_MATH = YES;
				ONLY_ACTIVE_ARCH = YES;
				SDKROOT = iphoneos;
				SWIFT_ACTIVE_COMPILATION_CONDITIONS = "DEBUG $(inherited)";
				SWIFT_OPTIMIZATION_LEVEL = "-Onone";
			};
			name = Debug;
		};
		F128DE412AE0609400EA040C /* Release */ = {
			isa = XCBuildConfiguration;
			buildSettings = {
				ALWAYS_SEARCH_USER_PATHS = NO;
				ASSETCATALOG_COMPILER_GENERATE_SWIFT_ASSET_SYMBOL_EXTENSIONS = YES;
				CLANG_ANALYZER_NONNULL = YES;
				CLANG_ANALYZER_NUMBER_OBJECT_CONVERSION = YES_AGGRESSIVE;
				CLANG_CXX_LANGUAGE_STANDARD = "gnu++20";
				CLANG_ENABLE_MODULES = YES;
				CLANG_ENABLE_OBJC_ARC = YES;
				CLANG_ENABLE_OBJC_WEAK = YES;
				CLANG_WARN_BLOCK_CAPTURE_AUTORELEASING = YES;
				CLANG_WARN_BOOL_CONVERSION = YES;
				CLANG_WARN_COMMA = YES;
				CLANG_WARN_CONSTANT_CONVERSION = YES;
				CLANG_WARN_DEPRECATED_OBJC_IMPLEMENTATIONS = YES;
				CLANG_WARN_DIRECT_OBJC_ISA_USAGE = YES_ERROR;
				CLANG_WARN_DOCUMENTATION_COMMENTS = YES;
				CLANG_WARN_EMPTY_BODY = YES;
				CLANG_WARN_ENUM_CONVERSION = YES;
				CLANG_WARN_INFINITE_RECURSION = YES;
				CLANG_WARN_INT_CONVERSION = YES;
				CLANG_WARN_NON_LITERAL_NULL_CONVERSION = YES;
				CLANG_WARN_OBJC_IMPLICIT_RETAIN_SELF = YES;
				CLANG_WARN_OBJC_LITERAL_CONVERSION = YES;
				CLANG_WARN_OBJC_ROOT_CLASS = YES_ERROR;
				CLANG_WARN_QUOTED_INCLUDE_IN_FRAMEWORK_HEADER = YES;
				CLANG_WARN_RANGE_LOOP_ANALYSIS = YES;
				CLANG_WARN_STRICT_PROTOTYPES = YES;
				CLANG_WARN_SUSPICIOUS_MOVE = YES;
				CLANG_WARN_UNGUARDED_AVAILABILITY = YES_AGGRESSIVE;
				CLANG_WARN_UNREACHABLE_CODE = YES;
				CLANG_WARN__DUPLICATE_METHOD_MATCH = YES;
				COPY_PHASE_STRIP = NO;
				DEBUG_INFORMATION_FORMAT = "dwarf-with-dsym";
				ENABLE_NS_ASSERTIONS = NO;
				ENABLE_STRICT_OBJC_MSGSEND = YES;
				ENABLE_USER_SCRIPT_SANDBOXING = YES;
				GCC_C_LANGUAGE_STANDARD = gnu17;
				GCC_NO_COMMON_BLOCKS = YES;
				GCC_WARN_64_TO_32_BIT_CONVERSION = YES;
				GCC_WARN_ABOUT_RETURN_TYPE = YES_ERROR;
				GCC_WARN_UNDECLARED_SELECTOR = YES;
				GCC_WARN_UNINITIALIZED_AUTOS = YES_AGGRESSIVE;
				GCC_WARN_UNUSED_FUNCTION = YES;
				GCC_WARN_UNUSED_VARIABLE = YES;
				IPHONEOS_DEPLOYMENT_TARGET = 17.0;
				LOCALIZATION_PREFERS_STRING_CATALOGS = YES;
				MTL_ENABLE_DEBUG_INFO = NO;
				MTL_FAST_MATH = YES;
				SDKROOT = iphoneos;
				SWIFT_COMPILATION_MODE = wholemodule;
				VALIDATE_PRODUCT = YES;
			};
			name = Release;
		};
		F128DE432AE0609400EA040C /* Debug */ = {
			isa = XCBuildConfiguration;
			buildSettings = {
				ASSETCATALOG_COMPILER_APPICON_NAME = AppIcon;
				ASSETCATALOG_COMPILER_GLOBAL_ACCENT_COLOR_NAME = AccentColor;
				CODE_SIGN_STYLE = Automatic;
				CURRENT_PROJECT_VERSION = 1;
				DEVELOPMENT_ASSET_PATHS = "\"HOLISTICA1/Preview Content\"";
				DEVELOPMENT_TEAM = RU224KV7KL;
				ENABLE_PREVIEWS = YES;
				GENERATE_INFOPLIST_FILE = YES;
				INFOPLIST_KEY_UIApplicationSceneManifest_Generation = YES;
				INFOPLIST_KEY_UIApplicationSupportsIndirectInputEvents = YES;
				INFOPLIST_KEY_UILaunchScreen_Generation = YES;
				INFOPLIST_KEY_UISupportedInterfaceOrientations_iPad = "UIInterfaceOrientationPortrait UIInterfaceOrientationPortraitUpsideDown UIInterfaceOrientationLandscapeLeft UIInterfaceOrientationLandscapeRight";
				INFOPLIST_KEY_UISupportedInterfaceOrientations_iPhone = "UIInterfaceOrientationPortrait UIInterfaceOrientationLandscapeLeft UIInterfaceOrientationLandscapeRight";
				LD_RUNPATH_SEARCH_PATHS = (
					"$(inherited)",
					"@executable_path/Frameworks",
				);
				MARKETING_VERSION = 1.0;
				PRODUCT_BUNDLE_IDENTIFIER = com.miguelridruejo.HOLISTICA1;
				PRODUCT_NAME = "$(TARGET_NAME)";
				SWIFT_EMIT_LOC_STRINGS = YES;
				SWIFT_VERSION = 5.0;
				TARGETED_DEVICE_FAMILY = "1,2";
			};
			name = Debug;
		};
		F128DE442AE0609400EA040C /* Release */ = {
			isa = XCBuildConfiguration;
			buildSettings = {
				ASSETCATALOG_COMPILER_APPICON_NAME = AppIcon;
				ASSETCATALOG_COMPILER_GLOBAL_ACCENT_COLOR_NAME = AccentColor;
				CODE_SIGN_STYLE = Automatic;
				CURRENT_PROJECT_VERSION = 1;
				DEVELOPMENT_ASSET_PATHS = "\"HOLISTICA1/Preview Content\"";
				DEVELOPMENT_TEAM = RU224KV7KL;
				ENABLE_PREVIEWS = YES;
				GENERATE_INFOPLIST_FILE = YES;
				INFOPLIST_KEY_UIApplicationSceneManifest_Generation = YES;
				INFOPLIST_KEY_UIApplicationSupportsIndirectInputEvents = YES;
				INFOPLIST_KEY_UILaunchScreen_Generation = YES;
				INFOPLIST_KEY_UISupportedInterfaceOrientations_iPad = "UIInterfaceOrientationPortrait UIInterfaceOrientationPortraitUpsideDown UIInterfaceOrientationLandscapeLeft UIInterfaceOrientationLandscapeRight";
				INFOPLIST_KEY_UISupportedInterfaceOrientations_iPhone = "UIInterfaceOrientationPortrait UIInterfaceOrientationLandscapeLeft UIInterfaceOrientationLandscapeRight";
				LD_RUNPATH_SEARCH_PATHS = (
					"$(inherited)",
					"@executable_path/Frameworks",
				);
				MARKETING_VERSION = 1.0;
				PRODUCT_BUNDLE_IDENTIFIER = com.miguelridruejo.HOLISTICA1;
				PRODUCT_NAME = "$(TARGET_NAME)";
				SWIFT_EMIT_LOC_STRINGS = YES;
				SWIFT_VERSION = 5.0;
				TARGETED_DEVICE_FAMILY = "1,2";
			};
			name = Release;
		};
		F128DE462AE0609400EA040C /* Debug */ = {
			isa = XCBuildConfiguration;
			buildSettings = {
				ALWAYS_EMBED_SWIFT_STANDARD_LIBRARIES = YES;
				BUNDLE_LOADER = "$(TEST_HOST)";
				CODE_SIGN_STYLE = Automatic;
				CURRENT_PROJECT_VERSION = 1;
				DEVELOPMENT_TEAM = RU224KV7KL;
				GENERATE_INFOPLIST_FILE = YES;
				IPHONEOS_DEPLOYMENT_TARGET = 17.0;
				MARKETING_VERSION = 1.0;
				PRODUCT_BUNDLE_IDENTIFIER = com.miguelridruejo.HOLISTICA1Tests;
				PRODUCT_NAME = "$(TARGET_NAME)";
				SWIFT_EMIT_LOC_STRINGS = NO;
				SWIFT_VERSION = 5.0;
				TARGETED_DEVICE_FAMILY = "1,2";
				TEST_HOST = "$(BUILT_PRODUCTS_DIR)/HOLISTICA1.app/$(BUNDLE_EXECUTABLE_FOLDER_PATH)/HOLISTICA1";
			};
			name = Debug;
		};
		F128DE472AE0609400EA040C /* Release */ = {
			isa = XCBuildConfiguration;
			buildSettings = {
				ALWAYS_EMBED_SWIFT_STANDARD_LIBRARIES = YES;
				BUNDLE_LOADER = "$(TEST_HOST)";
				CODE_SIGN_STYLE = Automatic;
				CURRENT_PROJECT_VERSION = 1;
				DEVELOPMENT_TEAM = RU224KV7KL;
				GENERATE_INFOPLIST_FILE = YES;
				IPHONEOS_DEPLOYMENT_TARGET = 17.0;
				MARKETING_VERSION = 1.0;
				PRODUCT_BUNDLE_IDENTIFIER = com.miguelridruejo.HOLISTICA1Tests;
				PRODUCT_NAME = "$(TARGET_NAME)";
				SWIFT_EMIT_LOC_STRINGS = NO;
				SWIFT_VERSION = 5.0;
				TARGETED_DEVICE_FAMILY = "1,2";
				TEST_HOST = "$(BUILT_PRODUCTS_DIR)/HOLISTICA1.app/$(BUNDLE_EXECUTABLE_FOLDER_PATH)/HOLISTICA1";
			};
			name = Release;
		};
		F128DE492AE0609400EA040C /* Debug */ = {
			isa = XCBuildConfiguration;
			buildSettings = {
				ALWAYS_EMBED_SWIFT_STANDARD_LIBRARIES = YES;
				CODE_SIGN_STYLE = Automatic;
				CURRENT_PROJECT_VERSION = 1;
				DEVELOPMENT_TEAM = RU224KV7KL;
				GENERATE_INFOPLIST_FILE = YES;
				MARKETING_VERSION = 1.0;
				PRODUCT_BUNDLE_IDENTIFIER = com.miguelridruejo.HOLISTICA1UITests;
				PRODUCT_NAME = "$(TARGET_NAME)";
				SWIFT_EMIT_LOC_STRINGS = NO;
				SWIFT_VERSION = 5.0;
				TARGETED_DEVICE_FAMILY = "1,2";
				TEST_TARGET_NAME = HOLISTICA1;
			};
			name = Debug;
		};
		F128DE4A2AE0609400EA040C /* Release */ = {
			isa = XCBuildConfiguration;
			buildSettings = {
				ALWAYS_EMBED_SWIFT_STANDARD_LIBRARIES = YES;
				CODE_SIGN_STYLE = Automatic;
				CURRENT_PROJECT_VERSION = 1;
				DEVELOPMENT_TEAM = RU224KV7KL;
				GENERATE_INFOPLIST_FILE = YES;
				MARKETING_VERSION = 1.0;
				PRODUCT_BUNDLE_IDENTIFIER = com.miguelridruejo.HOLISTICA1UITests;
				PRODUCT_NAME = "$(TARGET_NAME)";
				SWIFT_EMIT_LOC_STRINGS = NO;
				SWIFT_VERSION = 5.0;
				TARGETED_DEVICE_FAMILY = "1,2";
				TEST_TARGET_NAME = HOLISTICA1;
			};
			name = Release;
		};
/* End XCBuildConfiguration section */

/* Begin XCConfigurationList section */
		F128DE192AE0609200EA040C /* Build configuration list for PBXProject "HOLISTICA1" */ = {
			isa = XCConfigurationList;
			buildConfigurations = (
				F128DE402AE0609400EA040C /* Debug */,
				F128DE412AE0609400EA040C /* Release */,
			);
			defaultConfigurationIsVisible = 0;
			defaultConfigurationName = Release;
		};
		F128DE422AE0609400EA040C /* Build configuration list for PBXNativeTarget "HOLISTICA1" */ = {
			isa = XCConfigurationList;
			buildConfigurations = (
				F128DE432AE0609400EA040C /* Debug */,
				F128DE442AE0609400EA040C /* Release */,
			);
			defaultConfigurationIsVisible = 0;
			defaultConfigurationName = Release;
		};
		F128DE452AE0609400EA040C /* Build configuration list for PBXNativeTarget "HOLISTICA1Tests" */ = {
			isa = XCConfigurationList;
			buildConfigurations = (
				F128DE462AE0609400EA040C /* Debug */,
				F128DE472AE0609400EA040C /* Release */,
			);
			defaultConfigurationIsVisible = 0;
			defaultConfigurationName = Release;
		};
		F128DE482AE0609400EA040C /* Build configuration list for PBXNativeTarget "HOLISTICA1UITests" */ = {
			isa = XCConfigurationList;
			buildConfigurations = (
				F128DE492AE0609400EA040C /* Debug */,
				F128DE4A2AE0609400EA040C /* Release */,
			);
			defaultConfigurationIsVisible = 0;
			defaultConfigurationName = Release;
		};
/* End XCConfigurationList section */
	};
	rootObject = F128DE162AE0609200EA040C /* Project object */;
}
